<?xml version="1.0" encoding="utf-8"?>
<Project ToolsVersion="4.0" xmlns="http://schemas.microsoft.com/developer/msbuild/2003">
  <ItemGroup>
    <Filter Include="Source Files">
      <UniqueIdentifier>{4FC737F1-C7A5-4376-A066-2A32D752A2FF}</UniqueIdentifier>
      <Extensions>cpp;c;cc;cxx;c++;cppm;ixx;def;odl;idl;hpj;bat;asm;asmx</Extensions>
    </Filter>
    <Filter Include="Header Files">
      <UniqueIdentifier>{93995380-89BD-4b04-88EB-625FBE52EBFB}</UniqueIdentifier>
      <Extensions>h;hh;hpp;hxx;h++;hm;inl;inc;ipp;xsd</Extensions>
    </Filter>
    <Filter Include="Resource Files">
      <UniqueIdentifier>{67DA6AB6-F800-4c08-8B7A-83BB121AAD01}</UniqueIdentifier>
      <Extensions>rc;ico;cur;bmp;dlg;rc2;rct;bin;rgs;gif;jpg;jpeg;jpe;resx;tiff;tif;png;wav;mfcribbon-ms</Extensions>
    </Filter>
    <Filter Include="Source Files\imgui">
      <UniqueIdentifier>{eb61a1a3-51b0-4d1d-9317-8d32d8e09bdb}</UniqueIdentifier>
    </Filter>
    <Filter Include="Source Files\tests">
      <UniqueIdentifier>{4f67e040-8c8d-48bf-935f-4574e313a40f}</UniqueIdentifier>
    </Filter>
    <Filter Include="Source Files\raylib">
      <UniqueIdentifier>{239cd70b-4534-4b7f-9f80-991dfce8264f}</UniqueIdentifier>
    </Filter>
    <Filter Include="Source Files\comps">
      <UniqueIdentifier>{b422f836-3ee1-4980-acfb-95e63a4576a3}</UniqueIdentifier>
    </Filter>
  </ItemGroup>
  <ItemGroup>
    <ClCompile Include="..\..\..\src\DataUtils.cpp">
      <Filter>Source Files</Filter>
    </ClCompile>
    <ClCompile Include="..\..\..\src\StringUtils.cpp">
      <Filter>Source Files</Filter>
    </ClCompile>
    <ClCompile Include="..\..\..\src\SystemUtils.cpp">
      <Filter>Source Files</Filter>
    </ClCompile>
    <ClCompile Include="..\..\..\src\LogUtils.cpp">
      <Filter>Source Files</Filter>
    </ClCompile>
    <ClCompile Include="..\..\..\tests\ringBufferTest.cpp">
      <Filter>Source Files\tests</Filter>
    </ClCompile>
    <ClCompile Include="..\..\..\src\FileUtils.cpp">
      <Filter>Source Files</Filter>
    </ClCompile>
    <ClCompile Include="..\..\..\src\comps\bitVector.cpp">
      <Filter>Source Files\comps</Filter>
    </ClCompile>
    <ClCompile Include="..\..\..\src\comps\ThreadPool.cpp">
      <Filter>Source Files\comps</Filter>
    </ClCompile>
    <ClCompile Include="..\..\..\src\comps\ActionManager.cpp">
      <Filter>Source Files\comps</Filter>
    </ClCompile>
    <ClCompile Include="..\..\..\tests\BlockingQueueTest.cpp">
      <Filter>Source Files\tests</Filter>
    </ClCompile>
    <ClCompile Include="..\..\..\src\comps\ByteStreamReader.cpp">
      <Filter>Source Files\comps</Filter>
    </ClCompile>
    <ClCompile Include="..\..\..\src\comps\ByteStreamWriter.cpp">
      <Filter>Source Files\comps</Filter>
    </ClCompile>
  </ItemGroup>
  <ItemGroup>
    <ClInclude Include="..\..\..\src\SystemUtils.h">
      <Filter>Source Files</Filter>
    </ClInclude>
    <ClInclude Include="..\..\..\src\DataUtils.h">
      <Filter>Source Files</Filter>
    </ClInclude>
    <ClInclude Include="..\..\..\src\StringUtils.h">
      <Filter>Source Files</Filter>
    </ClInclude>
    <ClInclude Include="..\..\..\src\BitUtils.h">
      <Filter>Source Files</Filter>
    </ClInclude>
    <ClInclude Include="..\..\..\src\LogUtils.h">
      <Filter>Source Files</Filter>
    </ClInclude>
    <ClInclude Include="..\..\..\src\DataUtilsSize.h">
      <Filter>Source Files</Filter>
    </ClInclude>
    <ClInclude Include="..\..\..\src\StreamUtils.h">
      <Filter>Source Files</Filter>
    </ClInclude>
    <ClInclude Include="..\..\..\src\imgui\icons.h">
      <Filter>Source Files\imgui</Filter>
    </ClInclude>
    <ClInclude Include="..\..\..\src\imgui\imguiExt.h">
      <Filter>Source Files\imgui</Filter>
    </ClInclude>
    <ClInclude Include="..\..\..\src\raylib\TextureUtils.h">
      <Filter>Source Files\raylib</Filter>
    </ClInclude>
    <ClInclude Include="..\..\..\src\FileUtils.h">
      <Filter>Source Files</Filter>
    </ClInclude>
    <ClInclude Include="..\..\..\src\comps\BitArray.h">
      <Filter>Source Files\comps</Filter>
    </ClInclude>
    <ClInclude Include="..\..\..\src\comps\bitVector.h">
      <Filter>Source Files\comps</Filter>
    </ClInclude>
    <ClInclude Include="..\..\..\src\comps\BlockingQueue.h">
      <Filter>Source Files\comps</Filter>
    </ClInclude>
    <ClInclude Include="..\..\..\src\comps\RingBuffer.h">
      <Filter>Source Files\comps</Filter>
    </ClInclude>
    <ClInclude Include="..\..\..\src\comps\StringTable.h">
      <Filter>Source Files\comps</Filter>
    </ClInclude>
    <ClInclude Include="..\..\..\src\comps\ThreadPool.h">
      <Filter>Source Files\comps</Filter>
    </ClInclude>
    <ClInclude Include="..\..\..\src\comps\ActionManager.h">
      <Filter>Source Files\comps</Filter>
    </ClInclude>
    <ClInclude Include="..\..\..\src\comps\ByteStreamReader.h">
      <Filter>Source Files\comps</Filter>
    </ClInclude>
    <ClInclude Include="..\..\..\src\comps\ByteStreamWriter.h">
      <Filter>Source Files\comps</Filter>
    </ClInclude>
  </ItemGroup>
</Project>